// !$*UTF8*$!
{
	archiveVersion = 1;
	classes = {
	};
	objectVersion = 46;
	objects = {

/* Begin PBXBuildFile section */
		344FAF511CC9266F00353CFC /* AppDelegate.swift in Sources */ = {isa = PBXBuildFile; fileRef = 344FAF501CC9266F00353CFC /* AppDelegate.swift */; };
		344FAF531CC9266F00353CFC /* ViewController.swift in Sources */ = {isa = PBXBuildFile; fileRef = 344FAF521CC9266F00353CFC /* ViewController.swift */; };
		344FAF551CC9266F00353CFC /* Assets.xcassets in Resources */ = {isa = PBXBuildFile; fileRef = 344FAF541CC9266F00353CFC /* Assets.xcassets */; };
		344FAF6A1CC9271A00353CFC /* ORSSerial.framework in Frameworks */ = {isa = PBXBuildFile; fileRef = 344FAF651CC926FF00353CFC /* ORSSerial.framework */; };
		344FAF6C1CC9279B00353CFC /* SerialCommunicator.swift in Sources */ = {isa = PBXBuildFile; fileRef = 344FAF6B1CC9279B00353CFC /* SerialCommunicator.swift */; };
		34D550C81CD8DE92008CCC7A /* Main.storyboard in Resources */ = {isa = PBXBuildFile; fileRef = 34D550C71CD8DE92008CCC7A /* Main.storyboard */; };
/* End PBXBuildFile section */

/* Begin PBXContainerItemProxy section */
		344FAF641CC926FF00353CFC /* PBXContainerItemProxy */ = {
			isa = PBXContainerItemProxy;
			containerPortal = 344FAF5F1CC926FF00353CFC /* ORSSerialPort.xcodeproj */;
			proxyType = 2;
			remoteGlobalIDString = 9DCA89121A2BB106009285EB;
			remoteInfo = ORSSerial;
		};
		344FAF661CC926FF00353CFC /* PBXContainerItemProxy */ = {
			isa = PBXContainerItemProxy;
			containerPortal = 344FAF5F1CC926FF00353CFC /* ORSSerialPort.xcodeproj */;
			proxyType = 2;
			remoteGlobalIDString = 9D7472131B6D7767002D8B10;
			remoteInfo = "ORSSerialPort Tests";
		};
		344FAF681CC9271500353CFC /* PBXContainerItemProxy */ = {
			isa = PBXContainerItemProxy;
			containerPortal = 344FAF5F1CC926FF00353CFC /* ORSSerialPort.xcodeproj */;
			proxyType = 1;
			remoteGlobalIDString = 9DCA89111A2BB106009285EB;
			remoteInfo = ORSSerial;
		};
/* End PBXContainerItemProxy section */

/* Begin PBXFileReference section */
		344FAF4D1CC9266F00353CFC /* SerialCommunication.app */ = {isa = PBXFileReference; explicitFileType = wrapper.application; includeInIndex = 0; path = SerialCommunication.app; sourceTree = BUILT_PRODUCTS_DIR; };
		344FAF501CC9266F00353CFC /* AppDelegate.swift */ = {isa = PBXFileReference; lastKnownFileType = sourcecode.swift; path = AppDelegate.swift; sourceTree = "<group>"; };
		344FAF521CC9266F00353CFC /* ViewController.swift */ = {isa = PBXFileReference; lastKnownFileType = sourcecode.swift; path = ViewController.swift; sourceTree = "<group>"; };
		344FAF541CC9266F00353CFC /* Assets.xcassets */ = {isa = PBXFileReference; lastKnownFileType = folder.assetcatalog; path = Assets.xcassets; sourceTree = "<group>"; };
		344FAF591CC9266F00353CFC /* Info.plist */ = {isa = PBXFileReference; lastKnownFileType = text.plist.xml; path = Info.plist; sourceTree = "<group>"; };
		344FAF5F1CC926FF00353CFC /* ORSSerialPort.xcodeproj */ = {isa = PBXFileReference; lastKnownFileType = "wrapper.pb-project"; name = ORSSerialPort.xcodeproj; path = "Frameworks/ORSSerialPort/Framework Project/ORSSerialPort.xcodeproj"; sourceTree = "<group>"; };
		344FAF6B1CC9279B00353CFC /* SerialCommunicator.swift */ = {isa = PBXFileReference; fileEncoding = 4; lastKnownFileType = sourcecode.swift; path = SerialCommunicator.swift; sourceTree = "<group>"; };
		34D550C71CD8DE92008CCC7A /* Main.storyboard */ = {isa = PBXFileReference; fileEncoding = 4; lastKnownFileType = file.storyboard; name = Main.storyboard; path = ../../../../.Trash/Main.storyboard; sourceTree = "<group>"; };
/* End PBXFileReference section */

/* Begin PBXFrameworksBuildPhase section */
		344FAF4A1CC9266F00353CFC /* Frameworks */ = {
			isa = PBXFrameworksBuildPhase;
			buildActionMask = 2147483647;
			files = (
				344FAF6A1CC9271A00353CFC /* ORSSerial.framework in Frameworks */,
			);
			runOnlyForDeploymentPostprocessing = 0;
		};
/* End PBXFrameworksBuildPhase section */

/* Begin PBXGroup section */
		344FAF441CC9266F00353CFC = {
			isa = PBXGroup;
			children = (
				344FAF5F1CC926FF00353CFC /* ORSSerialPort.xcodeproj */,
				344FAF4F1CC9266F00353CFC /* SerialCommunication */,
				344FAF4E1CC9266F00353CFC /* Products */,
			);
			sourceTree = "<group>";
		};
		344FAF4E1CC9266F00353CFC /* Products */ = {
			isa = PBXGroup;
			children = (
				344FAF4D1CC9266F00353CFC /* SerialCommunication.app */,
			);
			name = Products;
			sourceTree = "<group>";
		};
		344FAF4F1CC9266F00353CFC /* SerialCommunication */ = {
			isa = PBXGroup;
			children = (
				344FAF501CC9266F00353CFC /* AppDelegate.swift */,
				344FAF521CC9266F00353CFC /* ViewController.swift */,
				344FAF6B1CC9279B00353CFC /* SerialCommunicator.swift */,
				344FAF541CC9266F00353CFC /* Assets.xcassets */,
				344FAF591CC9266F00353CFC /* Info.plist */,
				34D550C71CD8DE92008CCC7A /* Main.storyboard */,
			);
			path = SerialCommunication;
			sourceTree = "<group>";
		};
		344FAF601CC926FF00353CFC /* Products */ = {
			isa = PBXGroup;
			children = (
				344FAF651CC926FF00353CFC /* ORSSerial.framework */,
				344FAF671CC926FF00353CFC /* ORSSerialPort Tests.xctest */,
			);
			name = Products;
			sourceTree = "<group>";
		};
/* End PBXGroup section */

/* Begin PBXNativeTarget section */
		344FAF4C1CC9266F00353CFC /* SerialCommunication */ = {
			isa = PBXNativeTarget;
			buildConfigurationList = 344FAF5C1CC9266F00353CFC /* Build configuration list for PBXNativeTarget "SerialCommunication" */;
			buildPhases = (
				344FAF491CC9266F00353CFC /* Sources */,
				344FAF4A1CC9266F00353CFC /* Frameworks */,
				344FAF4B1CC9266F00353CFC /* Resources */,
			);
			buildRules = (
			);
			dependencies = (
				344FAF691CC9271500353CFC /* PBXTargetDependency */,
			);
			name = SerialCommunication;
			productName = SerialCommunication;
			productReference = 344FAF4D1CC9266F00353CFC /* SerialCommunication.app */;
			productType = "com.apple.product-type.application";
		};
/* End PBXNativeTarget section */

/* Begin PBXProject section */
		344FAF451CC9266F00353CFC /* Project object */ = {
			isa = PBXProject;
			attributes = {
				LastSwiftUpdateCheck = 0730;
				LastUpgradeCheck = 0730;
				ORGANIZATIONNAME = "Matthew Mohandiss";
				TargetAttributes = {
					344FAF4C1CC9266F00353CFC = {
						CreatedOnToolsVersion = 7.3;
					};
				};
			};
			buildConfigurationList = 344FAF481CC9266F00353CFC /* Build configuration list for PBXProject "SerialCommunication" */;
			compatibilityVersion = "Xcode 3.2";
			developmentRegion = English;
			hasScannedForEncodings = 0;
			knownRegions = (
				en,
				Base,
			);
			mainGroup = 344FAF441CC9266F00353CFC;
			productRefGroup = 344FAF4E1CC9266F00353CFC /* Products */;
			projectDirPath = "";
			projectReferences = (
				{
					ProductGroup = 344FAF601CC926FF00353CFC /* Products */;
					ProjectRef = 344FAF5F1CC926FF00353CFC /* ORSSerialPort.xcodeproj */;
				},
			);
			projectRoot = "";
			targets = (
				344FAF4C1CC9266F00353CFC /* SerialCommunication */,
			);
		};
/* End PBXProject section */

/* Begin PBXReferenceProxy section */
		344FAF651CC926FF00353CFC /* ORSSerial.framework */ = {
			isa = PBXReferenceProxy;
			fileType = wrapper.framework;
			path = ORSSerial.framework;
			remoteRef = 344FAF641CC926FF00353CFC /* PBXContainerItemProxy */;
			sourceTree = BUILT_PRODUCTS_DIR;
		};
		344FAF671CC926FF00353CFC /* ORSSerialPort Tests.xctest */ = {
			isa = PBXReferenceProxy;
			fileType = wrapper.cfbundle;
			path = "ORSSerialPort Tests.xctest";
			remoteRef = 344FAF661CC926FF00353CFC /* PBXContainerItemProxy */;
			sourceTree = BUILT_PRODUCTS_DIR;
		};
/* End PBXReferenceProxy section */

/* Begin PBXResourcesBuildPhase section */
		344FAF4B1CC9266F00353CFC /* Resources */ = {
			isa = PBXResourcesBuildPhase;
			buildActionMask = 2147483647;
			files = (
				344FAF551CC9266F00353CFC /* Assets.xcassets in Resources */,
				34D550C81CD8DE92008CCC7A /* Main.storyboard in Resources */,
			);
			runOnlyForDeploymentPostprocessing = 0;
		};
/* End PBXResourcesBuildPhase section */

/* Begin PBXSourcesBuildPhase section */
		344FAF491CC9266F00353CFC /* Sources */ = {
			isa = PBXSourcesBuildPhase;
			buildActionMask = 2147483647;
			files = (
				344FAF531CC9266F00353CFC /* ViewController.swift in Sources */,
				344FAF511CC9266F00353CFC /* AppDelegate.swift in Sources */,
				344FAF6C1CC9279B00353CFC /* SerialCommunicator.swift in Sources */,
			);
			runOnlyForDeploymentPostprocessing = 0;
		};
/* End PBXSourcesBuildPhase section */

/* Begin PBXTargetDependency section */
		344FAF691CC9271500353CFC /* PBXTargetDependency */ = {
			isa = PBXTargetDependency;
			name = ORSSerial;
			targetProxy = 344FAF681CC9271500353CFC /* PBXContainerItemProxy */;
		};
/* End PBXTargetDependency section */

/* Begin XCBuildConfiguration section */
		344FAF5A1CC9266F00353CFC /* Debug */ = {
			isa = XCBuildConfiguration;
			buildSettings = {
				ALWAYS_SEARCH_USER_PATHS = NO;
				CLANG_ANALYZER_NONNULL = YES;
				CLANG_CXX_LANGUAGE_STANDARD = "gnu++0x";
				CLANG_CXX_LIBRARY = "libc++";
				CLANG_ENABLE_MODULES = YES;
				CLANG_ENABLE_OBJC_ARC = YES;
				CLANG_WARN_BOOL_CONVERSION = YES;
				CLANG_WARN_CONSTANT_CONVERSION = YES;
				CLANG_WARN_DIRECT_OBJC_ISA_USAGE = YES_ERROR;
				CLANG_WARN_EMPTY_BODY = YES;
				CLANG_WARN_ENUM_CONVERSION = YES;
				CLANG_WARN_INT_CONVERSION = YES;
				CLANG_WARN_OBJC_ROOT_CLASS = YES_ERROR;
				CLANG_WARN_UNREACHABLE_CODE = YES;
				CLANG_WARN__DUPLICATE_METHOD_MATCH = YES;
				CODE_SIGN_IDENTITY = "-";
				COPY_PHASE_STRIP = NO;
				DEBUG_INFORMATION_FORMAT = dwarf;
				ENABLE_STRICT_OBJC_MSGSEND = YES;
				ENABLE_TESTABILITY = YES;
				GCC_C_LANGUAGE_STANDARD = gnu99;
				GCC_DYNAMIC_NO_PIC = NO;
				GCC_NO_COMMON_BLOCKS = YES;
				GCC_OPTIMIZATION_LEVEL = 0;
				GCC_PREPROCESSOR_DEFINITIONS = (
					"DEBUG=1",
					"$(inherited)",
				);
				GCC_WARN_64_TO_32_BIT_CONVERSION = YES;
				GCC_WARN_ABOUT_RETURN_TYPE = YES_ERROR;
				GCC_WARN_UNDECLARED_SELECTOR = YES;
				GCC_WARN_UNINITIALIZED_AUTOS = YES_AGGRESSIVE;
				GCC_WARN_UNUSED_FUNCTION = YES;
				GCC_WARN_UNUSED_VARIABLE = YES;
				MACOSX_DEPLOYMENT_TARGET = 10.11;
				MTL_ENABLE_DEBUG_INFO = YES;
				ONLY_ACTIVE_ARCH = YES;
				SDKROOT = macosx;
				SWIFT_OPTIMIZATION_LEVEL = "-Onone";
			};
			name = Debug;
		};
		344FAF5B1CC9266F00353CFC /* Release */ = {
			isa = XCBuildConfiguration;
			buildSettings = {
				ALWAYS_SEARCH_USER_PATHS = NO;
				CLANG_ANALYZER_NONNULL = YES;
				CLANG_CXX_LANGUAGE_STANDARD = "gnu++0x";
				CLANG_CXX_LIBRARY = "libc++";
				CLANG_ENABLE_MODULES = YES;
				CLANG_ENABLE_OBJC_ARC = YES;
				CLANG_WARN_BOOL_CONVERSION = YES;
				CLANG_WARN_CONSTANT_CONVERSION = YES;
				CLANG_WARN_DIRECT_OBJC_ISA_USAGE = YES_ERROR;
				CLANG_WARN_EMPTY_BODY = YES;
				CLANG_WARN_ENUM_CONVERSION = YES;
				CLANG_WARN_INT_CONVERSION = YES;
				CLANG_WARN_OBJC_ROOT_CLASS = YES_ERROR;
				CLANG_WARN_UNREACHABLE_CODE = YES;
				CLANG_WARN__DUPLICATE_METHOD_MATCH = YES;
				CODE_SIGN_IDENTITY = "-";
				COPY_PHASE_STRIP = NO;
				DEBUG_INFORMATION_FORMAT = "dwarf-with-dsym";
				ENABLE_NS_ASSERTIONS = NO;
				ENABLE_STRICT_OBJC_MSGSEND = YES;
				GCC_C_LANGUAGE_STANDARD = gnu99;
				GCC_NO_COMMON_BLOCKS = YES;
				GCC_WARN_64_TO_32_BIT_CONVERSION = YES;
				GCC_WARN_ABOUT_RETURN_TYPE = YES_ERROR;
				GCC_WARN_UNDECLARED_SELECTOR = YES;
				GCC_WARN_UNINITIALIZED_AUTOS = YES_AGGRESSIVE;
				GCC_WARN_UNUSED_FUNCTION = YES;
				GCC_WARN_UNUSED_VARIABLE = YES;
				MACOSX_DEPLOYMENT_TARGET = 10.11;
				MTL_ENABLE_DEBUG_INFO = NO;
				SDKROOT = macosx;
			};
			name = Release;
		};
		344FAF5D1CC9266F00353CFC /* Debug */ = {
			isa = XCBuildConfiguration;
			buildSettings = {
				ASSETCATALOG_COMPILER_APPICON_NAME = AppIcon;
				COMBINE_HIDPI_IMAGES = YES;
				INFOPLIST_FILE = SerialCommunication/Info.plist;
				LD_RUNPATH_SEARCH_PATHS = "$(inherited) @executable_path/../Frameworks";
				PRODUCT_BUNDLE_IDENTIFIER = com.matthewmohandiss.SerialCommunication;
				PRODUCT_NAME = "$(TARGET_NAME)";
			};
			name = Debug;
		};
		344FAF5E1CC9266F00353CFC /* Release */ = {
			isa = XCBuildConfiguration;
			buildSettings = {
				ASSETCATALOG_COMPILER_APPICON_NAME = AppIcon;
				COMBINE_HIDPI_IMAGES = YES;
				INFOPLIST_FILE = SerialCommunication/Info.plist;
				LD_RUNPATH_SEARCH_PATHS = "$(inherited) @executable_path/../Frameworks";
				PRODUCT_BUNDLE_IDENTIFIER = com.matthewmohandiss.SerialCommunication;
				PRODUCT_NAME = "$(TARGET_NAME)";
			};
			name = Release;
		};
/* End XCBuildConfiguration section */

/* Begin XCConfigurationList section */
		344FAF481CC9266F00353CFC /* Build configuration list for PBXProject "SerialCommunication" */ = {
			isa = XCConfigurationList;
			buildConfigurations = (
				344FAF5A1CC9266F00353CFC /* Debug */,
				344FAF5B1CC9266F00353CFC /* Release */,
			);
			defaultConfigurationIsVisible = 0;
			defaultConfigurationName = Release;
		};
		344FAF5C1CC9266F00353CFC /* Build configuration list for PBXNativeTarget "SerialCommunication" */ = {
			isa = XCConfigurationList;
			buildConfigurations = (
				344FAF5D1CC9266F00353CFC /* Debug */,
				344FAF5E1CC9266F00353CFC /* Release */,
			);
			defaultConfigurationIsVisible = 0;
			defaultConfigurationName = Release;
		};
/* End XCConfigurationList section */
	};
	rootObject = 344FAF451CC9266F00353CFC /* Project object */;
}
